// !$*UTF8*$!
{
	archiveVersion = 1;
	classes = {
	};
	objectVersion = 77;
	objects = {

/* Begin PBXBuildFile section */
		4B1E44562D70F92100AD2B84 /* Persistence.swift in Sources */ = {isa = PBXBuildFile; fileRef = 4B1E44502D70F92100AD2B84 /* Persistence.swift */; };
		4B1E44572D70F92100AD2B84 /* SwiftUIPrepV2.xcdatamodeld in Sources */ = {isa = PBXBuildFile; fileRef = 4B1E44512D70F92100AD2B84 /* SwiftUIPrepV2.xcdatamodeld */; };
		4B1E44582D70F92100AD2B84 /* SwiftUIPrepV2App.swift in Sources */ = {isa = PBXBuildFile; fileRef = 4B1E44522D70F92100AD2B84 /* SwiftUIPrepV2App.swift */; };
		4B1E44592D70F92100AD2B84 /* Preview Assets.xcassets in Resources */ = {isa = PBXBuildFile; fileRef = 4B1E444C2D70F92100AD2B84 /* Preview Assets.xcassets */; };
		4B1E445A2D70F92100AD2B84 /* Assets.xcassets in Resources */ = {isa = PBXBuildFile; fileRef = 4B1E444E2D70F92100AD2B84 /* Assets.xcassets */; };
		4B1E44692D70FC0000AD2B84 /* Question.swift in Sources */ = {isa = PBXBuildFile; fileRef = 4B1E44682D70FC0000AD2B84 /* Question.swift */; };
		4B1E446A2D70FC0000AD2B84 /* Question.swift in Sources */ = {isa = PBXBuildFile; fileRef = 4B1E44682D70FC0000AD2B84 /* Question.swift */; };
		4B1E446C2D70FC2100AD2B84 /* Progress.swift in Sources */ = {isa = PBXBuildFile; fileRef = 4B1E446B2D70FC2100AD2B84 /* Progress.swift */; };
		4B1E446D2D70FC2100AD2B84 /* Progress.swift in Sources */ = {isa = PBXBuildFile; fileRef = 4B1E446B2D70FC2100AD2B84 /* Progress.swift */; };
		4B1E446F2D70FC3000AD2B84 /* Favorite.swift in Sources */ = {isa = PBXBuildFile; fileRef = 4B1E446E2D70FC3000AD2B84 /* Favorite.swift */; };
		4B1E44702D70FC3000AD2B84 /* Favorite.swift in Sources */ = {isa = PBXBuildFile; fileRef = 4B1E446E2D70FC3000AD2B84 /* Favorite.swift */; };
		4B1E44722D70FCDE00AD2B84 /* ExploreViewModel.swift in Sources */ = {isa = PBXBuildFile; fileRef = 4B1E44712D70FCDE00AD2B84 /* ExploreViewModel.swift */; };
		4B1E44732D70FCDE00AD2B84 /* ExploreViewModel.swift in Sources */ = {isa = PBXBuildFile; fileRef = 4B1E44712D70FCDE00AD2B84 /* ExploreViewModel.swift */; };
		4B1E44752D70FCE800AD2B84 /* TestViewModel.swift in Sources */ = {isa = PBXBuildFile; fileRef = 4B1E44742D70FCE800AD2B84 /* TestViewModel.swift */; };
		4B1E44762D70FCE800AD2B84 /* TestViewModel.swift in Sources */ = {isa = PBXBuildFile; fileRef = 4B1E44742D70FCE800AD2B84 /* TestViewModel.swift */; };
		4B1E44782D70FCF400AD2B84 /* FavoritesViewModel.swift in Sources */ = {isa = PBXBuildFile; fileRef = 4B1E44772D70FCF400AD2B84 /* FavoritesViewModel.swift */; };
		4B1E44792D70FCF400AD2B84 /* FavoritesViewModel.swift in Sources */ = {isa = PBXBuildFile; fileRef = 4B1E44772D70FCF400AD2B84 /* FavoritesViewModel.swift */; };
		4B1E447B2D70FD0100AD2B84 /* ProgressViewModel.swift in Sources */ = {isa = PBXBuildFile; fileRef = 4B1E447A2D70FD0100AD2B84 /* ProgressViewModel.swift */; };
		4B1E447C2D70FD0100AD2B84 /* ProgressViewModel.swift in Sources */ = {isa = PBXBuildFile; fileRef = 4B1E447A2D70FD0100AD2B84 /* ProgressViewModel.swift */; };
		4B1E447E2D70FD0D00AD2B84 /* SettingsViewModel.swift in Sources */ = {isa = PBXBuildFile; fileRef = 4B1E447D2D70FD0D00AD2B84 /* SettingsViewModel.swift */; };
		4B1E447F2D70FD0D00AD2B84 /* SettingsViewModel.swift in Sources */ = {isa = PBXBuildFile; fileRef = 4B1E447D2D70FD0D00AD2B84 /* SettingsViewModel.swift */; };
		4B1E44812D70FE5B00AD2B84 /* MainTabView.swift in Sources */ = {isa = PBXBuildFile; fileRef = 4B1E44802D70FE5B00AD2B84 /* MainTabView.swift */; };
		4B1E44822D70FE5B00AD2B84 /* MainTabView.swift in Sources */ = {isa = PBXBuildFile; fileRef = 4B1E44802D70FE5B00AD2B84 /* MainTabView.swift */; };
		4B1E44832D70FE5B00AD2B84 /* MainTabView.swift in Sources */ = {isa = PBXBuildFile; fileRef = 4B1E44802D70FE5B00AD2B84 /* MainTabView.swift */; };
		4B1E44852D70FE7900AD2B84 /* ExploreView.swift in Sources */ = {isa = PBXBuildFile; fileRef = 4B1E44842D70FE7900AD2B84 /* ExploreView.swift */; };
		4B1E44862D70FE7900AD2B84 /* ExploreView.swift in Sources */ = {isa = PBXBuildFile; fileRef = 4B1E44842D70FE7900AD2B84 /* ExploreView.swift */; };
		4B1E44872D70FE7900AD2B84 /* ExploreView.swift in Sources */ = {isa = PBXBuildFile; fileRef = 4B1E44842D70FE7900AD2B84 /* ExploreView.swift */; };
		4B1E44892D70FE8800AD2B84 /* ResultTestView.swift in Sources */ = {isa = PBXBuildFile; fileRef = 4B1E44882D70FE8800AD2B84 /* ResultTestView.swift */; };
		4B1E448A2D70FE8800AD2B84 /* ResultTestView.swift in Sources */ = {isa = PBXBuildFile; fileRef = 4B1E44882D70FE8800AD2B84 /* ResultTestView.swift */; };
		4B1E448B2D70FE8800AD2B84 /* ResultTestView.swift in Sources */ = {isa = PBXBuildFile; fileRef = 4B1E44882D70FE8800AD2B84 /* ResultTestView.swift */; };
		4B1E448D2D70FE9300AD2B84 /* TestView.swift in Sources */ = {isa = PBXBuildFile; fileRef = 4B1E448C2D70FE9300AD2B84 /* TestView.swift */; };
		4B1E448E2D70FE9300AD2B84 /* TestView.swift in Sources */ = {isa = PBXBuildFile; fileRef = 4B1E448C2D70FE9300AD2B84 /* TestView.swift */; };
		4B1E448F2D70FE9300AD2B84 /* TestView.swift in Sources */ = {isa = PBXBuildFile; fileRef = 4B1E448C2D70FE9300AD2B84 /* TestView.swift */; };
		4B1E44912D70FE9E00AD2B84 /* StartTestView.swift in Sources */ = {isa = PBXBuildFile; fileRef = 4B1E44902D70FE9E00AD2B84 /* StartTestView.swift */; };
		4B1E44922D70FE9E00AD2B84 /* StartTestView.swift in Sources */ = {isa = PBXBuildFile; fileRef = 4B1E44902D70FE9E00AD2B84 /* StartTestView.swift */; };
		4B1E44932D70FE9E00AD2B84 /* StartTestView.swift in Sources */ = {isa = PBXBuildFile; fileRef = 4B1E44902D70FE9E00AD2B84 /* StartTestView.swift */; };
		4B1E44952D70FEB600AD2B84 /* FavoritesView.swift in Sources */ = {isa = PBXBuildFile; fileRef = 4B1E44942D70FEB600AD2B84 /* FavoritesView.swift */; };
		4B1E44962D70FEB600AD2B84 /* FavoritesView.swift in Sources */ = {isa = PBXBuildFile; fileRef = 4B1E44942D70FEB600AD2B84 /* FavoritesView.swift */; };
		4B1E44972D70FEB600AD2B84 /* FavoritesView.swift in Sources */ = {isa = PBXBuildFile; fileRef = 4B1E44942D70FEB600AD2B84 /* FavoritesView.swift */; };
		4B1E44992D70FEC900AD2B84 /* ProgressTabView.swift in Sources */ = {isa = PBXBuildFile; fileRef = 4B1E44982D70FEC900AD2B84 /* ProgressTabView.swift */; };
		4B1E449A2D70FEC900AD2B84 /* ProgressTabView.swift in Sources */ = {isa = PBXBuildFile; fileRef = 4B1E44982D70FEC900AD2B84 /* ProgressTabView.swift */; };
		4B1E449B2D70FEC900AD2B84 /* ProgressTabView.swift in Sources */ = {isa = PBXBuildFile; fileRef = 4B1E44982D70FEC900AD2B84 /* ProgressTabView.swift */; };
		4B1E449D2D70FEE700AD2B84 /* SettingsView.swift in Sources */ = {isa = PBXBuildFile; fileRef = 4B1E449C2D70FEE700AD2B84 /* SettingsView.swift */; };
		4B1E449E2D70FEE700AD2B84 /* SettingsView.swift in Sources */ = {isa = PBXBuildFile; fileRef = 4B1E449C2D70FEE700AD2B84 /* SettingsView.swift */; };
		4B1E449F2D70FEE700AD2B84 /* SettingsView.swift in Sources */ = {isa = PBXBuildFile; fileRef = 4B1E449C2D70FEE700AD2B84 /* SettingsView.swift */; };
		4B1E44A12D70FEF400AD2B84 /* LanguageSelectionView.swift in Sources */ = {isa = PBXBuildFile; fileRef = 4B1E44A02D70FEF400AD2B84 /* LanguageSelectionView.swift */; };
		4B1E44A22D70FEF400AD2B84 /* LanguageSelectionView.swift in Sources */ = {isa = PBXBuildFile; fileRef = 4B1E44A02D70FEF400AD2B84 /* LanguageSelectionView.swift */; };
		4B1E44A32D70FEF400AD2B84 /* LanguageSelectionView.swift in Sources */ = {isa = PBXBuildFile; fileRef = 4B1E44A02D70FEF400AD2B84 /* LanguageSelectionView.swift */; };
		4B1E44A52D70FF1100AD2B84 /* QuestionListItemView.swift in Sources */ = {isa = PBXBuildFile; fileRef = 4B1E44A42D70FF1100AD2B84 /* QuestionListItemView.swift */; };
		4B1E44A62D70FF1100AD2B84 /* QuestionListItemView.swift in Sources */ = {isa = PBXBuildFile; fileRef = 4B1E44A42D70FF1100AD2B84 /* QuestionListItemView.swift */; };
		4B1E44A72D70FF1100AD2B84 /* QuestionListItemView.swift in Sources */ = {isa = PBXBuildFile; fileRef = 4B1E44A42D70FF1100AD2B84 /* QuestionListItemView.swift */; };
		4B1E44AD2D70FF3200AD2B84 /* ProgressBar.swift in Sources */ = {isa = PBXBuildFile; fileRef = 4B1E44AC2D70FF3200AD2B84 /* ProgressBar.swift */; };
		4B1E44AE2D70FF3200AD2B84 /* ProgressBar.swift in Sources */ = {isa = PBXBuildFile; fileRef = 4B1E44AC2D70FF3200AD2B84 /* ProgressBar.swift */; };
		4B1E44AF2D70FF3200AD2B84 /* ProgressBar.swift in Sources */ = {isa = PBXBuildFile; fileRef = 4B1E44AC2D70FF3200AD2B84 /* ProgressBar.swift */; };
		4B1E44B12D70FF5000AD2B84 /* JSONLoader.swift in Sources */ = {isa = PBXBuildFile; fileRef = 4B1E44B02D70FF5000AD2B84 /* JSONLoader.swift */; };
		4B1E44B22D70FF5000AD2B84 /* JSONLoader.swift in Sources */ = {isa = PBXBuildFile; fileRef = 4B1E44B02D70FF5000AD2B84 /* JSONLoader.swift */; };
		4B1E44B42D70FF5D00AD2B84 /* LocalizationHelper.swift in Sources */ = {isa = PBXBuildFile; fileRef = 4B1E44B32D70FF5D00AD2B84 /* LocalizationHelper.swift */; };
		4B1E44B52D70FF5D00AD2B84 /* LocalizationHelper.swift in Sources */ = {isa = PBXBuildFile; fileRef = 4B1E44B32D70FF5D00AD2B84 /* LocalizationHelper.swift */; };
		4B1E44B72D70FF7600AD2B84 /* ColorExtension.swift in Sources */ = {isa = PBXBuildFile; fileRef = 4B1E44B62D70FF7600AD2B84 /* ColorExtension.swift */; };
		4B1E44B82D70FF7600AD2B84 /* ColorExtension.swift in Sources */ = {isa = PBXBuildFile; fileRef = 4B1E44B62D70FF7600AD2B84 /* ColorExtension.swift */; };
		4B1E44B92D70FF7600AD2B84 /* ColorExtension.swift in Sources */ = {isa = PBXBuildFile; fileRef = 4B1E44B62D70FF7600AD2B84 /* ColorExtension.swift */; };
		4B1E44BB2D70FFA500AD2B84 /* Localizable.xcstrings in Resources */ = {isa = PBXBuildFile; fileRef = 4B1E44BA2D70FFA500AD2B84 /* Localizable.xcstrings */; };
		4B1E44BC2D70FFA500AD2B84 /* Localizable.xcstrings in Resources */ = {isa = PBXBuildFile; fileRef = 4B1E44BA2D70FFA500AD2B84 /* Localizable.xcstrings */; };
		4B1E44BD2D70FFA500AD2B84 /* Localizable.xcstrings in Resources */ = {isa = PBXBuildFile; fileRef = 4B1E44BA2D70FFA500AD2B84 /* Localizable.xcstrings */; };
		4B1E44BF2D70FFC400AD2B84 /* questions_en.json in Resources */ = {isa = PBXBuildFile; fileRef = 4B1E44BE2D70FFC400AD2B84 /* questions_en.json */; };
		4B1E44C02D70FFC400AD2B84 /* questions_en.json in Resources */ = {isa = PBXBuildFile; fileRef = 4B1E44BE2D70FFC400AD2B84 /* questions_en.json */; };
		4B1E44C12D70FFC400AD2B84 /* questions_en.json in Resources */ = {isa = PBXBuildFile; fileRef = 4B1E44BE2D70FFC400AD2B84 /* questions_en.json */; };
		4B1E44C32D70FFD600AD2B84 /* questions_ru.json in Resources */ = {isa = PBXBuildFile; fileRef = 4B1E44C22D70FFD600AD2B84 /* questions_ru.json */; };
		4B1E44C42D70FFD600AD2B84 /* questions_ru.json in Resources */ = {isa = PBXBuildFile; fileRef = 4B1E44C22D70FFD600AD2B84 /* questions_ru.json */; };
		4B1E44C52D70FFD600AD2B84 /* questions_ru.json in Resources */ = {isa = PBXBuildFile; fileRef = 4B1E44C22D70FFD600AD2B84 /* questions_ru.json */; };
		4B1E44DA2D71026500AD2B84 /* TestViewModelTests.swift in Sources */ = {isa = PBXBuildFile; fileRef = 4B1E44D92D71026500AD2B84 /* TestViewModelTests.swift */; };
		4B1E44DB2D71026500AD2B84 /* TestViewModelTests.swift in Sources */ = {isa = PBXBuildFile; fileRef = 4B1E44D92D71026500AD2B84 /* TestViewModelTests.swift */; };
		4B1E44DC2D71026500AD2B84 /* TestViewModelTests.swift in Sources */ = {isa = PBXBuildFile; fileRef = 4B1E44D92D71026500AD2B84 /* TestViewModelTests.swift */; };
		4B1E44DE2D71027B00AD2B84 /* QuestionModelTests.swift in Sources */ = {isa = PBXBuildFile; fileRef = 4B1E44DD2D71027B00AD2B84 /* QuestionModelTests.swift */; };
		4B1E44DF2D71027B00AD2B84 /* QuestionModelTests.swift in Sources */ = {isa = PBXBuildFile; fileRef = 4B1E44DD2D71027B00AD2B84 /* QuestionModelTests.swift */; };
		4B1E44E02D71027B00AD2B84 /* QuestionModelTests.swift in Sources */ = {isa = PBXBuildFile; fileRef = 4B1E44DD2D71027B00AD2B84 /* QuestionModelTests.swift */; };
		4B1E44E22D71029900AD2B84 /* HomeViewUITests.swift in Sources */ = {isa = PBXBuildFile; fileRef = 4B1E44E12D71029900AD2B84 /* HomeViewUITests.swift */; };
		4B1E44E32D71029900AD2B84 /* HomeViewUITests.swift in Sources */ = {isa = PBXBuildFile; fileRef = 4B1E44E12D71029900AD2B84 /* HomeViewUITests.swift */; };
		4B1E44E42D71029900AD2B84 /* HomeViewUITests.swift in Sources */ = {isa = PBXBuildFile; fileRef = 4B1E44E12D71029900AD2B84 /* HomeViewUITests.swift */; };
		4B1E44E62D7102B000AD2B84 /* MainTabViewUITests.swift in Sources */ = {isa = PBXBuildFile; fileRef = 4B1E44E52D7102B000AD2B84 /* MainTabViewUITests.swift */; };
		4B1E44E72D7102B000AD2B84 /* MainTabViewUITests.swift in Sources */ = {isa = PBXBuildFile; fileRef = 4B1E44E52D7102B000AD2B84 /* MainTabViewUITests.swift */; };
		4B1E44E82D7102B000AD2B84 /* MainTabViewUITests.swift in Sources */ = {isa = PBXBuildFile; fileRef = 4B1E44E52D7102B000AD2B84 /* MainTabViewUITests.swift */; };
		4B1E454B2D74296D00AD2B84 /* Launch Screen.storyboard in Resources */ = {isa = PBXBuildFile; fileRef = 4B1E454A2D74296D00AD2B84 /* Launch Screen.storyboard */; };
		4B1E455F2D7773B900AD2B84 /* QuestionDetailView.swift in Sources */ = {isa = PBXBuildFile; fileRef = 4B1E455E2D7773B900AD2B84 /* QuestionDetailView.swift */; };
		4B1E45602D7773B900AD2B84 /* QuestionDetailView.swift in Sources */ = {isa = PBXBuildFile; fileRef = 4B1E455E2D7773B900AD2B84 /* QuestionDetailView.swift */; };
		4B1E45612D7773B900AD2B84 /* QuestionDetailView.swift in Sources */ = {isa = PBXBuildFile; fileRef = 4B1E455E2D7773B900AD2B84 /* QuestionDetailView.swift */; };
		4B1E45632D77768000AD2B84 /* HeadingView.swift in Sources */ = {isa = PBXBuildFile; fileRef = 4B1E45622D77768000AD2B84 /* HeadingView.swift */; };
		4B1E45642D77768000AD2B84 /* HeadingView.swift in Sources */ = {isa = PBXBuildFile; fileRef = 4B1E45622D77768000AD2B84 /* HeadingView.swift */; };
		4B1E45652D77768000AD2B84 /* HeadingView.swift in Sources */ = {isa = PBXBuildFile; fileRef = 4B1E45622D77768000AD2B84 /* HeadingView.swift */; };
		4B5FB6582D7E12FF003FF080 /* CopyrightSection.swift in Sources */ = {isa = PBXBuildFile; fileRef = 4B5FB6572D7E12FF003FF080 /* CopyrightSection.swift */; };
		4B5FB6592D7E12FF003FF080 /* CopyrightSection.swift in Sources */ = {isa = PBXBuildFile; fileRef = 4B5FB6572D7E12FF003FF080 /* CopyrightSection.swift */; };
		4B5FB65A2D7E12FF003FF080 /* CopyrightSection.swift in Sources */ = {isa = PBXBuildFile; fileRef = 4B5FB6572D7E12FF003FF080 /* CopyrightSection.swift */; };
		4B5FB65C2D7E159E003FF080 /* PrivacyAndPolicyView.swift in Sources */ = {isa = PBXBuildFile; fileRef = 4B5FB65B2D7E159E003FF080 /* PrivacyAndPolicyView.swift */; };
		4B5FB65D2D7E159E003FF080 /* PrivacyAndPolicyView.swift in Sources */ = {isa = PBXBuildFile; fileRef = 4B5FB65B2D7E159E003FF080 /* PrivacyAndPolicyView.swift */; };
		4B5FB65E2D7E159E003FF080 /* PrivacyAndPolicyView.swift in Sources */ = {isa = PBXBuildFile; fileRef = 4B5FB65B2D7E159E003FF080 /* PrivacyAndPolicyView.swift */; };
		4B5FB6602D7F4134003FF080 /* MotionAnimationView.swift in Sources */ = {isa = PBXBuildFile; fileRef = 4B5FB65F2D7F4134003FF080 /* MotionAnimationView.swift */; };
		4B5FB6612D7F4134003FF080 /* MotionAnimationView.swift in Sources */ = {isa = PBXBuildFile; fileRef = 4B5FB65F2D7F4134003FF080 /* MotionAnimationView.swift */; };
		4B5FB6622D7F4134003FF080 /* MotionAnimationView.swift in Sources */ = {isa = PBXBuildFile; fileRef = 4B5FB65F2D7F4134003FF080 /* MotionAnimationView.swift */; };
		4B5FB6642D7F426A003FF080 /* ProgressItemView.swift in Sources */ = {isa = PBXBuildFile; fileRef = 4B5FB6632D7F426A003FF080 /* ProgressItemView.swift */; };
		4B5FB6652D7F426A003FF080 /* ProgressItemView.swift in Sources */ = {isa = PBXBuildFile; fileRef = 4B5FB6632D7F426A003FF080 /* ProgressItemView.swift */; };
		4B5FB6662D7F426A003FF080 /* ProgressItemView.swift in Sources */ = {isa = PBXBuildFile; fileRef = 4B5FB6632D7F426A003FF080 /* ProgressItemView.swift */; };
		4B5FB6682D7F4DE3003FF080 /* AnsweredQuestionsListView.swift in Sources */ = {isa = PBXBuildFile; fileRef = 4B5FB6672D7F4DE3003FF080 /* AnsweredQuestionsListView.swift */; };
		4B5FB6692D7F4DE3003FF080 /* AnsweredQuestionsListView.swift in Sources */ = {isa = PBXBuildFile; fileRef = 4B5FB6672D7F4DE3003FF080 /* AnsweredQuestionsListView.swift */; };
		4B5FB66A2D7F4DE3003FF080 /* AnsweredQuestionsListView.swift in Sources */ = {isa = PBXBuildFile; fileRef = 4B5FB6672D7F4DE3003FF080 /* AnsweredQuestionsListView.swift */; };
		4B5FB66C2D7F70E8003FF080 /* NavigationGestureFix.swift in Sources */ = {isa = PBXBuildFile; fileRef = 4B5FB66B2D7F70E8003FF080 /* NavigationGestureFix.swift */; };
		4B5FB66D2D7F70E8003FF080 /* NavigationGestureFix.swift in Sources */ = {isa = PBXBuildFile; fileRef = 4B5FB66B2D7F70E8003FF080 /* NavigationGestureFix.swift */; };
		4B5FB66F2D81E256003FF080 /* CategoryCard.swift in Sources */ = {isa = PBXBuildFile; fileRef = 4B5FB66E2D81E256003FF080 /* CategoryCard.swift */; };
		4B5FB6702D81E256003FF080 /* CategoryCard.swift in Sources */ = {isa = PBXBuildFile; fileRef = 4B5FB66E2D81E256003FF080 /* CategoryCard.swift */; };
		4B5FB6712D81E256003FF080 /* CategoryCard.swift in Sources */ = {isa = PBXBuildFile; fileRef = 4B5FB66E2D81E256003FF080 /* CategoryCard.swift */; };
		4B5FB6732D84882C003FF080 /* TimeRemainingHolder.swift in Sources */ = {isa = PBXBuildFile; fileRef = 4B5FB6722D84882C003FF080 /* TimeRemainingHolder.swift */; };
		4B5FB6742D84882C003FF080 /* TimeRemainingHolder.swift in Sources */ = {isa = PBXBuildFile; fileRef = 4B5FB6722D84882C003FF080 /* TimeRemainingHolder.swift */; };
		4B5FB6752D84882C003FF080 /* TimeRemainingHolder.swift in Sources */ = {isa = PBXBuildFile; fileRef = 4B5FB6722D84882C003FF080 /* TimeRemainingHolder.swift */; };
		4B5FB6772D849EF9003FF080 /* ProgressBarLine.swift in Sources */ = {isa = PBXBuildFile; fileRef = 4B5FB6762D849EF9003FF080 /* ProgressBarLine.swift */; };
		4B5FB6782D849EF9003FF080 /* ProgressBarLine.swift in Sources */ = {isa = PBXBuildFile; fileRef = 4B5FB6762D849EF9003FF080 /* ProgressBarLine.swift */; };
		4B5FB6792D849EF9003FF080 /* ProgressBarLine.swift in Sources */ = {isa = PBXBuildFile; fileRef = 4B5FB6762D849EF9003FF080 /* ProgressBarLine.swift */; };
		4B5FB67B2D84A2AC003FF080 /* AnswerCellButton.swift in Sources */ = {isa = PBXBuildFile; fileRef = 4B5FB67A2D84A2AC003FF080 /* AnswerCellButton.swift */; };
		4B5FB67C2D84A2AC003FF080 /* AnswerCellButton.swift in Sources */ = {isa = PBXBuildFile; fileRef = 4B5FB67A2D84A2AC003FF080 /* AnswerCellButton.swift */; };
		4B5FB67D2D84A2AC003FF080 /* AnswerCellButton.swift in Sources */ = {isa = PBXBuildFile; fileRef = 4B5FB67A2D84A2AC003FF080 /* AnswerCellButton.swift */; };
		4B5FB67F2D84A3ED003FF080 /* ButtonGradients.swift in Sources */ = {isa = PBXBuildFile; fileRef = 4B5FB67E2D84A3ED003FF080 /* ButtonGradients.swift */; };
		4B5FB6802D84A3ED003FF080 /* ButtonGradients.swift in Sources */ = {isa = PBXBuildFile; fileRef = 4B5FB67E2D84A3ED003FF080 /* ButtonGradients.swift */; };
		4B5FB6812D84A3ED003FF080 /* ButtonGradients.swift in Sources */ = {isa = PBXBuildFile; fileRef = 4B5FB67E2D84A3ED003FF080 /* ButtonGradients.swift */; };
		4B89C92C2D7A14DA00FB07C6 /* QuestionsListView.swift in Sources */ = {isa = PBXBuildFile; fileRef = 4B89C92B2D7A14DA00FB07C6 /* QuestionsListView.swift */; };
		4B89C92D2D7A14DA00FB07C6 /* QuestionsListView.swift in Sources */ = {isa = PBXBuildFile; fileRef = 4B89C92B2D7A14DA00FB07C6 /* QuestionsListView.swift */; };
		4B89C92E2D7A14DA00FB07C6 /* QuestionsListView.swift in Sources */ = {isa = PBXBuildFile; fileRef = 4B89C92B2D7A14DA00FB07C6 /* QuestionsListView.swift */; };
		4B89C9302D7DF31000FB07C6 /* SelectRowView.swift in Sources */ = {isa = PBXBuildFile; fileRef = 4B89C92F2D7DF31000FB07C6 /* SelectRowView.swift */; };
		4B89C9312D7DF31000FB07C6 /* SelectRowView.swift in Sources */ = {isa = PBXBuildFile; fileRef = 4B89C92F2D7DF31000FB07C6 /* SelectRowView.swift */; };
		4B89C9322D7DF31000FB07C6 /* SelectRowView.swift in Sources */ = {isa = PBXBuildFile; fileRef = 4B89C92F2D7DF31000FB07C6 /* SelectRowView.swift */; };
		4B89C9342D7DF54500FB07C6 /* FormRowLink.swift in Sources */ = {isa = PBXBuildFile; fileRef = 4B89C9332D7DF54500FB07C6 /* FormRowLink.swift */; };
		4B89C9352D7DF54500FB07C6 /* FormRowLink.swift in Sources */ = {isa = PBXBuildFile; fileRef = 4B89C9332D7DF54500FB07C6 /* FormRowLink.swift */; };
		4B89C9362D7DF54500FB07C6 /* FormRowLink.swift in Sources */ = {isa = PBXBuildFile; fileRef = 4B89C9332D7DF54500FB07C6 /* FormRowLink.swift */; };
		4B89C9382D7DF5D900FB07C6 /* FormRowStaticView.swift in Sources */ = {isa = PBXBuildFile; fileRef = 4B89C9372D7DF5D900FB07C6 /* FormRowStaticView.swift */; };
		4B89C9392D7DF5D900FB07C6 /* FormRowStaticView.swift in Sources */ = {isa = PBXBuildFile; fileRef = 4B89C9372D7DF5D900FB07C6 /* FormRowStaticView.swift */; };
		4B89C93A2D7DF5D900FB07C6 /* FormRowStaticView.swift in Sources */ = {isa = PBXBuildFile; fileRef = 4B89C9372D7DF5D900FB07C6 /* FormRowStaticView.swift */; };
		4BC881DB2D89ED2100FCAC20 /* FavoritesQuestionsListView.swift in Sources */ = {isa = PBXBuildFile; fileRef = 4BC881DA2D89ED2100FCAC20 /* FavoritesQuestionsListView.swift */; };
		4BC881DC2D89ED2100FCAC20 /* FavoritesQuestionsListView.swift in Sources */ = {isa = PBXBuildFile; fileRef = 4BC881DA2D89ED2100FCAC20 /* FavoritesQuestionsListView.swift */; };
		4BC881DD2D89ED2100FCAC20 /* FavoritesQuestionsListView.swift in Sources */ = {isa = PBXBuildFile; fileRef = 4BC881DA2D89ED2100FCAC20 /* FavoritesQuestionsListView.swift */; };
		4BD482352D8B59A7004C4DA5 /* PickerWheelView.swift in Sources */ = {isa = PBXBuildFile; fileRef = 4BD482342D8B59A7004C4DA5 /* PickerWheelView.swift */; };
		4BD482362D8B59A7004C4DA5 /* PickerWheelView.swift in Sources */ = {isa = PBXBuildFile; fileRef = 4BD482342D8B59A7004C4DA5 /* PickerWheelView.swift */; };
		4BD482372D8B59A7004C4DA5 /* PickerWheelView.swift in Sources */ = {isa = PBXBuildFile; fileRef = 4BD482342D8B59A7004C4DA5 /* PickerWheelView.swift */; };
/* End PBXBuildFile section */

/* Begin PBXContainerItemProxy section */
		4B1E44302D70F91100AD2B84 /* PBXContainerItemProxy */ = {
			isa = PBXContainerItemProxy;
			containerPortal = 4B1E44122D70F91000AD2B84 /* Project object */;
			proxyType = 1;
			remoteGlobalIDString = 4B1E44192D70F91000AD2B84;
			remoteInfo = SwiftUIPrepV2;
		};
		4B1E443A2D70F91100AD2B84 /* PBXContainerItemProxy */ = {
			isa = PBXContainerItemProxy;
			containerPortal = 4B1E44122D70F91000AD2B84 /* Project object */;
			proxyType = 1;
			remoteGlobalIDString = 4B1E44192D70F91000AD2B84;
			remoteInfo = SwiftUIPrepV2;
		};
/* End PBXContainerItemProxy section */

/* Begin PBXFileReference section */
		4B1E441A2D70F91000AD2B84 /* SwiftUIPrepV2.app */ = {isa = PBXFileReference; explicitFileType = wrapper.application; includeInIndex = 0; path = SwiftUIPrepV2.app; sourceTree = BUILT_PRODUCTS_DIR; };
		4B1E442F2D70F91100AD2B84 /* SwiftUIPrepV2Tests.xctest */ = {isa = PBXFileReference; explicitFileType = wrapper.cfbundle; includeInIndex = 0; path = SwiftUIPrepV2Tests.xctest; sourceTree = BUILT_PRODUCTS_DIR; };
		4B1E44392D70F91100AD2B84 /* SwiftUIPrepV2UITests.xctest */ = {isa = PBXFileReference; explicitFileType = wrapper.cfbundle; includeInIndex = 0; path = SwiftUIPrepV2UITests.xctest; sourceTree = BUILT_PRODUCTS_DIR; };
		4B1E444C2D70F92100AD2B84 /* Preview Assets.xcassets */ = {isa = PBXFileReference; lastKnownFileType = folder.assetcatalog; path = "Preview Assets.xcassets"; sourceTree = "<group>"; };
		4B1E444E2D70F92100AD2B84 /* Assets.xcassets */ = {isa = PBXFileReference; lastKnownFileType = folder.assetcatalog; path = Assets.xcassets; sourceTree = "<group>"; };
		4B1E44502D70F92100AD2B84 /* Persistence.swift */ = {isa = PBXFileReference; lastKnownFileType = sourcecode.swift; path = Persistence.swift; sourceTree = "<group>"; };
		4B1E44522D70F92100AD2B84 /* SwiftUIPrepV2App.swift */ = {isa = PBXFileReference; lastKnownFileType = sourcecode.swift; path = SwiftUIPrepV2App.swift; sourceTree = "<group>"; };
		4B1E44542D70F92100AD2B84 /* SwiftUIPrepV2.xcdatamodel */ = {isa = PBXFileReference; lastKnownFileType = wrapper.xcdatamodel; path = SwiftUIPrepV2.xcdatamodel; sourceTree = "<group>"; };
		4B1E44682D70FC0000AD2B84 /* Question.swift */ = {isa = PBXFileReference; lastKnownFileType = sourcecode.swift; path = Question.swift; sourceTree = "<group>"; };
		4B1E446B2D70FC2100AD2B84 /* Progress.swift */ = {isa = PBXFileReference; lastKnownFileType = sourcecode.swift; path = Progress.swift; sourceTree = "<group>"; };
		4B1E446E2D70FC3000AD2B84 /* Favorite.swift */ = {isa = PBXFileReference; lastKnownFileType = sourcecode.swift; path = Favorite.swift; sourceTree = "<group>"; };
		4B1E44712D70FCDE00AD2B84 /* ExploreViewModel.swift */ = {isa = PBXFileReference; lastKnownFileType = sourcecode.swift; path = ExploreViewModel.swift; sourceTree = "<group>"; };
		4B1E44742D70FCE800AD2B84 /* TestViewModel.swift */ = {isa = PBXFileReference; lastKnownFileType = sourcecode.swift; path = TestViewModel.swift; sourceTree = "<group>"; };
		4B1E44772D70FCF400AD2B84 /* FavoritesViewModel.swift */ = {isa = PBXFileReference; lastKnownFileType = sourcecode.swift; path = FavoritesViewModel.swift; sourceTree = "<group>"; };
		4B1E447A2D70FD0100AD2B84 /* ProgressViewModel.swift */ = {isa = PBXFileReference; lastKnownFileType = sourcecode.swift; path = ProgressViewModel.swift; sourceTree = "<group>"; };
		4B1E447D2D70FD0D00AD2B84 /* SettingsViewModel.swift */ = {isa = PBXFileReference; lastKnownFileType = sourcecode.swift; path = SettingsViewModel.swift; sourceTree = "<group>"; };
		4B1E44802D70FE5B00AD2B84 /* MainTabView.swift */ = {isa = PBXFileReference; lastKnownFileType = sourcecode.swift; path = MainTabView.swift; sourceTree = "<group>"; };
		4B1E44842D70FE7900AD2B84 /* ExploreView.swift */ = {isa = PBXFileReference; lastKnownFileType = sourcecode.swift; path = ExploreView.swift; sourceTree = "<group>"; };
		4B1E44882D70FE8800AD2B84 /* ResultTestView.swift */ = {isa = PBXFileReference; lastKnownFileType = sourcecode.swift; path = ResultTestView.swift; sourceTree = "<group>"; };
		4B1E448C2D70FE9300AD2B84 /* TestView.swift */ = {isa = PBXFileReference; lastKnownFileType = sourcecode.swift; path = TestView.swift; sourceTree = "<group>"; };
		4B1E44902D70FE9E00AD2B84 /* StartTestView.swift */ = {isa = PBXFileReference; lastKnownFileType = sourcecode.swift; path = StartTestView.swift; sourceTree = "<group>"; };
		4B1E44942D70FEB600AD2B84 /* FavoritesView.swift */ = {isa = PBXFileReference; lastKnownFileType = sourcecode.swift; path = FavoritesView.swift; sourceTree = "<group>"; };
		4B1E44982D70FEC900AD2B84 /* ProgressTabView.swift */ = {isa = PBXFileReference; lastKnownFileType = sourcecode.swift; path = ProgressTabView.swift; sourceTree = "<group>"; };
		4B1E449C2D70FEE700AD2B84 /* SettingsView.swift */ = {isa = PBXFileReference; lastKnownFileType = sourcecode.swift; path = SettingsView.swift; sourceTree = "<group>"; };
		4B1E44A02D70FEF400AD2B84 /* LanguageSelectionView.swift */ = {isa = PBXFileReference; lastKnownFileType = sourcecode.swift; path = LanguageSelectionView.swift; sourceTree = "<group>"; };
		4B1E44A42D70FF1100AD2B84 /* QuestionListItemView.swift */ = {isa = PBXFileReference; lastKnownFileType = sourcecode.swift; path = QuestionListItemView.swift; sourceTree = "<group>"; };
		4B1E44AC2D70FF3200AD2B84 /* ProgressBar.swift */ = {isa = PBXFileReference; lastKnownFileType = sourcecode.swift; path = ProgressBar.swift; sourceTree = "<group>"; };
		4B1E44B02D70FF5000AD2B84 /* JSONLoader.swift */ = {isa = PBXFileReference; lastKnownFileType = sourcecode.swift; path = JSONLoader.swift; sourceTree = "<group>"; };
		4B1E44B32D70FF5D00AD2B84 /* LocalizationHelper.swift */ = {isa = PBXFileReference; lastKnownFileType = sourcecode.swift; path = LocalizationHelper.swift; sourceTree = "<group>"; };
		4B1E44B62D70FF7600AD2B84 /* ColorExtension.swift */ = {isa = PBXFileReference; lastKnownFileType = sourcecode.swift; path = ColorExtension.swift; sourceTree = "<group>"; };
		4B1E44BA2D70FFA500AD2B84 /* Localizable.xcstrings */ = {isa = PBXFileReference; lastKnownFileType = text.json.xcstrings; path = Localizable.xcstrings; sourceTree = "<group>"; };
		4B1E44BE2D70FFC400AD2B84 /* questions_en.json */ = {isa = PBXFileReference; lastKnownFileType = text.json; path = questions_en.json; sourceTree = "<group>"; };
		4B1E44C22D70FFD600AD2B84 /* questions_ru.json */ = {isa = PBXFileReference; lastKnownFileType = text.json; path = questions_ru.json; sourceTree = "<group>"; };
		4B1E44D92D71026500AD2B84 /* TestViewModelTests.swift */ = {isa = PBXFileReference; lastKnownFileType = sourcecode.swift; path = TestViewModelTests.swift; sourceTree = "<group>"; };
		4B1E44DD2D71027B00AD2B84 /* QuestionModelTests.swift */ = {isa = PBXFileReference; lastKnownFileType = sourcecode.swift; path = QuestionModelTests.swift; sourceTree = "<group>"; };
		4B1E44E12D71029900AD2B84 /* HomeViewUITests.swift */ = {isa = PBXFileReference; lastKnownFileType = sourcecode.swift; path = HomeViewUITests.swift; sourceTree = "<group>"; };
		4B1E44E52D7102B000AD2B84 /* MainTabViewUITests.swift */ = {isa = PBXFileReference; lastKnownFileType = sourcecode.swift; path = MainTabViewUITests.swift; sourceTree = "<group>"; };
		4B1E454A2D74296D00AD2B84 /* Launch Screen.storyboard */ = {isa = PBXFileReference; lastKnownFileType = file.storyboard; path = "Launch Screen.storyboard"; sourceTree = "<group>"; };
		4B1E455E2D7773B900AD2B84 /* QuestionDetailView.swift */ = {isa = PBXFileReference; lastKnownFileType = sourcecode.swift; path = QuestionDetailView.swift; sourceTree = "<group>"; };
		4B1E45622D77768000AD2B84 /* HeadingView.swift */ = {isa = PBXFileReference; lastKnownFileType = sourcecode.swift; path = HeadingView.swift; sourceTree = "<group>"; };
		4B5FB6572D7E12FF003FF080 /* CopyrightSection.swift */ = {isa = PBXFileReference; lastKnownFileType = sourcecode.swift; path = CopyrightSection.swift; sourceTree = "<group>"; };
		4B5FB65B2D7E159E003FF080 /* PrivacyAndPolicyView.swift */ = {isa = PBXFileReference; lastKnownFileType = sourcecode.swift; path = PrivacyAndPolicyView.swift; sourceTree = "<group>"; };
		4B5FB65F2D7F4134003FF080 /* MotionAnimationView.swift */ = {isa = PBXFileReference; lastKnownFileType = sourcecode.swift; path = MotionAnimationView.swift; sourceTree = "<group>"; };
		4B5FB6632D7F426A003FF080 /* ProgressItemView.swift */ = {isa = PBXFileReference; lastKnownFileType = sourcecode.swift; path = ProgressItemView.swift; sourceTree = "<group>"; };
		4B5FB6672D7F4DE3003FF080 /* AnsweredQuestionsListView.swift */ = {isa = PBXFileReference; lastKnownFileType = sourcecode.swift; path = AnsweredQuestionsListView.swift; sourceTree = "<group>"; };
		4B5FB66B2D7F70E8003FF080 /* NavigationGestureFix.swift */ = {isa = PBXFileReference; lastKnownFileType = sourcecode.swift; path = NavigationGestureFix.swift; sourceTree = "<group>"; };
		4B5FB66E2D81E256003FF080 /* CategoryCard.swift */ = {isa = PBXFileReference; lastKnownFileType = sourcecode.swift; path = CategoryCard.swift; sourceTree = "<group>"; };
		4B5FB6722D84882C003FF080 /* TimeRemainingHolder.swift */ = {isa = PBXFileReference; lastKnownFileType = sourcecode.swift; path = TimeRemainingHolder.swift; sourceTree = "<group>"; };
		4B5FB6762D849EF9003FF080 /* ProgressBarLine.swift */ = {isa = PBXFileReference; lastKnownFileType = sourcecode.swift; path = ProgressBarLine.swift; sourceTree = "<group>"; };
		4B5FB67A2D84A2AC003FF080 /* AnswerCellButton.swift */ = {isa = PBXFileReference; lastKnownFileType = sourcecode.swift; path = AnswerCellButton.swift; sourceTree = "<group>"; };
		4B5FB67E2D84A3ED003FF080 /* ButtonGradients.swift */ = {isa = PBXFileReference; lastKnownFileType = sourcecode.swift; path = ButtonGradients.swift; sourceTree = "<group>"; };
		4B89C92B2D7A14DA00FB07C6 /* QuestionsListView.swift */ = {isa = PBXFileReference; lastKnownFileType = sourcecode.swift; path = QuestionsListView.swift; sourceTree = "<group>"; };
		4B89C92F2D7DF31000FB07C6 /* SelectRowView.swift */ = {isa = PBXFileReference; lastKnownFileType = sourcecode.swift; path = SelectRowView.swift; sourceTree = "<group>"; };
		4B89C9332D7DF54500FB07C6 /* FormRowLink.swift */ = {isa = PBXFileReference; lastKnownFileType = sourcecode.swift; path = FormRowLink.swift; sourceTree = "<group>"; };
		4B89C9372D7DF5D900FB07C6 /* FormRowStaticView.swift */ = {isa = PBXFileReference; lastKnownFileType = sourcecode.swift; path = FormRowStaticView.swift; sourceTree = "<group>"; };
		4BC881DA2D89ED2100FCAC20 /* FavoritesQuestionsListView.swift */ = {isa = PBXFileReference; lastKnownFileType = sourcecode.swift; path = FavoritesQuestionsListView.swift; sourceTree = "<group>"; };
		4BD482342D8B59A7004C4DA5 /* PickerWheelView.swift */ = {isa = PBXFileReference; lastKnownFileType = sourcecode.swift; path = PickerWheelView.swift; sourceTree = "<group>"; };
/* End PBXFileReference section */

/* Begin PBXFileSystemSynchronizedRootGroup section */
		4B1E44322D70F91100AD2B84 /* SwiftUIPrepV2Tests */ = {
			isa = PBXFileSystemSynchronizedRootGroup;
			path = SwiftUIPrepV2Tests;
			sourceTree = "<group>";
		};
		4B1E443C2D70F91100AD2B84 /* SwiftUIPrepV2UITests */ = {
			isa = PBXFileSystemSynchronizedRootGroup;
			path = SwiftUIPrepV2UITests;
			sourceTree = "<group>";
		};
/* End PBXFileSystemSynchronizedRootGroup section */

/* Begin PBXFrameworksBuildPhase section */
		4B1E44172D70F91000AD2B84 /* Frameworks */ = {
			isa = PBXFrameworksBuildPhase;
			buildActionMask = 2147483647;
			files = (
			);
			runOnlyForDeploymentPostprocessing = 0;
		};
		4B1E442C2D70F91100AD2B84 /* Frameworks */ = {
			isa = PBXFrameworksBuildPhase;
			buildActionMask = 2147483647;
			files = (
			);
			runOnlyForDeploymentPostprocessing = 0;
		};
		4B1E44362D70F91100AD2B84 /* Frameworks */ = {
			isa = PBXFrameworksBuildPhase;
			buildActionMask = 2147483647;
			files = (
			);
			runOnlyForDeploymentPostprocessing = 0;
		};
/* End PBXFrameworksBuildPhase section */

/* Begin PBXGroup section */
		4B1E44112D70F91000AD2B84 = {
			isa = PBXGroup;
			children = (
				4B1E44532D70F92100AD2B84 /* SwiftUIPrepV2 */,
				4B1E44322D70F91100AD2B84 /* SwiftUIPrepV2Tests */,
				4B1E443C2D70F91100AD2B84 /* SwiftUIPrepV2UITests */,
				4B1E441B2D70F91000AD2B84 /* Products */,
			);
			sourceTree = "<group>";
		};
		4B1E441B2D70F91000AD2B84 /* Products */ = {
			isa = PBXGroup;
			children = (
				4B1E441A2D70F91000AD2B84 /* SwiftUIPrepV2.app */,
				4B1E442F2D70F91100AD2B84 /* SwiftUIPrepV2Tests.xctest */,
				4B1E44392D70F91100AD2B84 /* SwiftUIPrepV2UITests.xctest */,
			);
			name = Products;
			sourceTree = "<group>";
		};
		4B1E444D2D70F92100AD2B84 /* Preview Content */ = {
			isa = PBXGroup;
			children = (
				4B1E444C2D70F92100AD2B84 /* Preview Assets.xcassets */,
				4B1E454A2D74296D00AD2B84 /* Launch Screen.storyboard */,
			);
			path = "Preview Content";
			sourceTree = "<group>";
		};
		4B1E44532D70F92100AD2B84 /* SwiftUIPrepV2 */ = {
			isa = PBXGroup;
			children = (
				4B1E44672D70FAC900AD2B84 /* App */,
				4B1E445B2D70F96E00AD2B84 /* Models */,
				4B1E445C2D70F98200AD2B84 /* ViewModels */,
				4B1E445D2D70F98C00AD2B84 /* Views */,
				4B1E44632D70FA3700AD2B84 /* Components */,
				4B1E44642D70FA4700AD2B84 /* Utilities */,
				4B1E44652D70FA5500AD2B84 /* Extensions */,
				4B1E44662D70FA5F00AD2B84 /* Resources */,
				4B1E44C62D7101A700AD2B84 /* Tests */,
				4B1E44512D70F92100AD2B84 /* SwiftUIPrepV2.xcdatamodeld */,
				4B1E444D2D70F92100AD2B84 /* Preview Content */,
			);
			path = SwiftUIPrepV2;
			sourceTree = "<group>";
		};
		4B1E445B2D70F96E00AD2B84 /* Models */ = {
			isa = PBXGroup;
			children = (
				4B1E44682D70FC0000AD2B84 /* Question.swift */,
				4B1E446B2D70FC2100AD2B84 /* Progress.swift */,
				4B1E446E2D70FC3000AD2B84 /* Favorite.swift */,
			);
			path = Models;
			sourceTree = "<group>";
		};
		4B1E445C2D70F98200AD2B84 /* ViewModels */ = {
			isa = PBXGroup;
			children = (
				4B1E44712D70FCDE00AD2B84 /* ExploreViewModel.swift */,
				4B1E44742D70FCE800AD2B84 /* TestViewModel.swift */,
				4B1E44772D70FCF400AD2B84 /* FavoritesViewModel.swift */,
				4B1E447A2D70FD0100AD2B84 /* ProgressViewModel.swift */,
				4B1E447D2D70FD0D00AD2B84 /* SettingsViewModel.swift */,
			);
			path = ViewModels;
			sourceTree = "<group>";
		};
		4B1E445D2D70F98C00AD2B84 /* Views */ = {
			isa = PBXGroup;
			children = (
				4B1E44802D70FE5B00AD2B84 /* MainTabView.swift */,
				4B1E445E2D70F99D00AD2B84 /* Explore */,
				4B1E445F2D70F9C200AD2B84 /* Tests */,
				4B1E44612D70F9DD00AD2B84 /* Progress */,
				4B1E44602D70F9D100AD2B84 /* Favorites */,
				4B1E44622D70F9E500AD2B84 /* Settings */,
				4B1E45662D77942C00AD2B84 /* Details */,
			);
			path = Views;
			sourceTree = "<group>";
		};
		4B1E445E2D70F99D00AD2B84 /* Explore */ = {
			isa = PBXGroup;
			children = (
				4B1E44842D70FE7900AD2B84 /* ExploreView.swift */,
			);
			path = Explore;
			sourceTree = "<group>";
		};
		4B1E445F2D70F9C200AD2B84 /* Tests */ = {
			isa = PBXGroup;
			children = (
				4B1E44902D70FE9E00AD2B84 /* StartTestView.swift */,
				4B1E448C2D70FE9300AD2B84 /* TestView.swift */,
				4B1E44882D70FE8800AD2B84 /* ResultTestView.swift */,
				4B5FB6722D84882C003FF080 /* TimeRemainingHolder.swift */,
				4B5FB6762D849EF9003FF080 /* ProgressBarLine.swift */,
				4B5FB67A2D84A2AC003FF080 /* AnswerCellButton.swift */,
				4B5FB67E2D84A3ED003FF080 /* ButtonGradients.swift */,
				4BD482342D8B59A7004C4DA5 /* PickerWheelView.swift */,
			);
			path = Tests;
			sourceTree = "<group>";
		};
		4B1E44602D70F9D100AD2B84 /* Favorites */ = {
			isa = PBXGroup;
			children = (
				4B1E44942D70FEB600AD2B84 /* FavoritesView.swift */,
				4BC881DA2D89ED2100FCAC20 /* FavoritesQuestionsListView.swift */,
			);
			path = Favorites;
			sourceTree = "<group>";
		};
		4B1E44612D70F9DD00AD2B84 /* Progress */ = {
			isa = PBXGroup;
			children = (
				4B1E44982D70FEC900AD2B84 /* ProgressTabView.swift */,
				4B1E44AC2D70FF3200AD2B84 /* ProgressBar.swift */,
				4B5FB65F2D7F4134003FF080 /* MotionAnimationView.swift */,
				4B5FB6632D7F426A003FF080 /* ProgressItemView.swift */,
				4B5FB6672D7F4DE3003FF080 /* AnsweredQuestionsListView.swift */,
			);
			path = Progress;
			sourceTree = "<group>";
		};
		4B1E44622D70F9E500AD2B84 /* Settings */ = {
			isa = PBXGroup;
			children = (
				4B1E449C2D70FEE700AD2B84 /* SettingsView.swift */,
				4B1E44A02D70FEF400AD2B84 /* LanguageSelectionView.swift */,
				4B89C92F2D7DF31000FB07C6 /* SelectRowView.swift */,
				4B89C9332D7DF54500FB07C6 /* FormRowLink.swift */,
				4B89C9372D7DF5D900FB07C6 /* FormRowStaticView.swift */,
				4B5FB6572D7E12FF003FF080 /* CopyrightSection.swift */,
				4B5FB65B2D7E159E003FF080 /* PrivacyAndPolicyView.swift */,
			);
			path = Settings;
			sourceTree = "<group>";
		};
		4B1E44632D70FA3700AD2B84 /* Components */ = {
			isa = PBXGroup;
			children = (
				4B89C92B2D7A14DA00FB07C6 /* QuestionsListView.swift */,
				4B1E44A42D70FF1100AD2B84 /* QuestionListItemView.swift */,
				4B1E45622D77768000AD2B84 /* HeadingView.swift */,
				4B5FB66E2D81E256003FF080 /* CategoryCard.swift */,
			);
			path = Components;
			sourceTree = "<group>";
		};
		4B1E44642D70FA4700AD2B84 /* Utilities */ = {
			isa = PBXGroup;
			children = (
				4B1E44502D70F92100AD2B84 /* Persistence.swift */,
				4B1E44B02D70FF5000AD2B84 /* JSONLoader.swift */,
				4B1E44B32D70FF5D00AD2B84 /* LocalizationHelper.swift */,
				4B5FB66B2D7F70E8003FF080 /* NavigationGestureFix.swift */,
			);
			path = Utilities;
			sourceTree = "<group>";
		};
		4B1E44652D70FA5500AD2B84 /* Extensions */ = {
			isa = PBXGroup;
			children = (
				4B1E44B62D70FF7600AD2B84 /* ColorExtension.swift */,
			);
			path = Extensions;
			sourceTree = "<group>";
		};
		4B1E44662D70FA5F00AD2B84 /* Resources */ = {
			isa = PBXGroup;
			children = (
				4B1E44BA2D70FFA500AD2B84 /* Localizable.xcstrings */,
				4B1E44BE2D70FFC400AD2B84 /* questions_en.json */,
				4B1E44C22D70FFD600AD2B84 /* questions_ru.json */,
				4B1E444E2D70F92100AD2B84 /* Assets.xcassets */,
			);
			path = Resources;
			sourceTree = "<group>";
		};
		4B1E44672D70FAC900AD2B84 /* App */ = {
			isa = PBXGroup;
			children = (
				4B1E44522D70F92100AD2B84 /* SwiftUIPrepV2App.swift */,
			);
			path = App;
			sourceTree = "<group>";
		};
		4B1E44C62D7101A700AD2B84 /* Tests */ = {
			isa = PBXGroup;
			children = (
				4B1E44C72D7101C500AD2B84 /* UnitTests */,
				4B1E44C82D7101D200AD2B84 /* UITests */,
			);
			path = Tests;
			sourceTree = "<group>";
		};
		4B1E44C72D7101C500AD2B84 /* UnitTests */ = {
			isa = PBXGroup;
			children = (
				4B1E44D92D71026500AD2B84 /* TestViewModelTests.swift */,
				4B1E44DD2D71027B00AD2B84 /* QuestionModelTests.swift */,
			);
			path = UnitTests;
			sourceTree = "<group>";
		};
		4B1E44C82D7101D200AD2B84 /* UITests */ = {
			isa = PBXGroup;
			children = (
				4B1E44E12D71029900AD2B84 /* HomeViewUITests.swift */,
				4B1E44E52D7102B000AD2B84 /* MainTabViewUITests.swift */,
			);
			path = UITests;
			sourceTree = "<group>";
		};
		4B1E45662D77942C00AD2B84 /* Details */ = {
			isa = PBXGroup;
			children = (
				4B1E455E2D7773B900AD2B84 /* QuestionDetailView.swift */,
			);
			path = Details;
			sourceTree = "<group>";
		};
/* End PBXGroup section */

/* Begin PBXNativeTarget section */
		4B1E44192D70F91000AD2B84 /* SwiftUIPrepV2 */ = {
			isa = PBXNativeTarget;
			buildConfigurationList = 4B1E44432D70F91100AD2B84 /* Build configuration list for PBXNativeTarget "SwiftUIPrepV2" */;
			buildPhases = (
				4B1E44162D70F91000AD2B84 /* Sources */,
				4B1E44172D70F91000AD2B84 /* Frameworks */,
				4B1E44182D70F91000AD2B84 /* Resources */,
			);
			buildRules = (
			);
			dependencies = (
			);
			name = SwiftUIPrepV2;
			packageProductDependencies = (
			);
			productName = SwiftUIPrepV2;
			productReference = 4B1E441A2D70F91000AD2B84 /* SwiftUIPrepV2.app */;
			productType = "com.apple.product-type.application";
		};
		4B1E442E2D70F91100AD2B84 /* SwiftUIPrepV2Tests */ = {
			isa = PBXNativeTarget;
			buildConfigurationList = 4B1E44462D70F91100AD2B84 /* Build configuration list for PBXNativeTarget "SwiftUIPrepV2Tests" */;
			buildPhases = (
				4B1E442B2D70F91100AD2B84 /* Sources */,
				4B1E442C2D70F91100AD2B84 /* Frameworks */,
				4B1E442D2D70F91100AD2B84 /* Resources */,
			);
			buildRules = (
			);
			dependencies = (
				4B1E44312D70F91100AD2B84 /* PBXTargetDependency */,
			);
			fileSystemSynchronizedGroups = (
				4B1E44322D70F91100AD2B84 /* SwiftUIPrepV2Tests */,
			);
			name = SwiftUIPrepV2Tests;
			packageProductDependencies = (
			);
			productName = SwiftUIPrepV2Tests;
			productReference = 4B1E442F2D70F91100AD2B84 /* SwiftUIPrepV2Tests.xctest */;
			productType = "com.apple.product-type.bundle.unit-test";
		};
		4B1E44382D70F91100AD2B84 /* SwiftUIPrepV2UITests */ = {
			isa = PBXNativeTarget;
			buildConfigurationList = 4B1E44492D70F91100AD2B84 /* Build configuration list for PBXNativeTarget "SwiftUIPrepV2UITests" */;
			buildPhases = (
				4B1E44352D70F91100AD2B84 /* Sources */,
				4B1E44362D70F91100AD2B84 /* Frameworks */,
				4B1E44372D70F91100AD2B84 /* Resources */,
			);
			buildRules = (
			);
			dependencies = (
				4B1E443B2D70F91100AD2B84 /* PBXTargetDependency */,
			);
			fileSystemSynchronizedGroups = (
				4B1E443C2D70F91100AD2B84 /* SwiftUIPrepV2UITests */,
			);
			name = SwiftUIPrepV2UITests;
			packageProductDependencies = (
			);
			productName = SwiftUIPrepV2UITests;
			productReference = 4B1E44392D70F91100AD2B84 /* SwiftUIPrepV2UITests.xctest */;
			productType = "com.apple.product-type.bundle.ui-testing";
		};
/* End PBXNativeTarget section */

/* Begin PBXProject section */
		4B1E44122D70F91000AD2B84 /* Project object */ = {
			isa = PBXProject;
			attributes = {
				BuildIndependentTargetsInParallel = 1;
				LastSwiftUpdateCheck = 1620;
				LastUpgradeCheck = 1620;
				TargetAttributes = {
					4B1E44192D70F91000AD2B84 = {
						CreatedOnToolsVersion = 16.2;
					};
					4B1E442E2D70F91100AD2B84 = {
						CreatedOnToolsVersion = 16.2;
						TestTargetID = 4B1E44192D70F91000AD2B84;
					};
					4B1E44382D70F91100AD2B84 = {
						CreatedOnToolsVersion = 16.2;
						TestTargetID = 4B1E44192D70F91000AD2B84;
					};
				};
			};
			buildConfigurationList = 4B1E44152D70F91000AD2B84 /* Build configuration list for PBXProject "SwiftUIPrepV2" */;
			developmentRegion = en;
			hasScannedForEncodings = 0;
			knownRegions = (
				en,
				Base,
				ru,
			);
			mainGroup = 4B1E44112D70F91000AD2B84;
			minimizedProjectReferenceProxies = 1;
			preferredProjectObjectVersion = 77;
			productRefGroup = 4B1E441B2D70F91000AD2B84 /* Products */;
			projectDirPath = "";
			projectRoot = "";
			targets = (
				4B1E44192D70F91000AD2B84 /* SwiftUIPrepV2 */,
				4B1E442E2D70F91100AD2B84 /* SwiftUIPrepV2Tests */,
				4B1E44382D70F91100AD2B84 /* SwiftUIPrepV2UITests */,
			);
		};
/* End PBXProject section */

/* Begin PBXResourcesBuildPhase section */
		4B1E44182D70F91000AD2B84 /* Resources */ = {
			isa = PBXResourcesBuildPhase;
			buildActionMask = 2147483647;
			files = (
				4B1E454B2D74296D00AD2B84 /* Launch Screen.storyboard in Resources */,
				4B1E44592D70F92100AD2B84 /* Preview Assets.xcassets in Resources */,
				4B1E445A2D70F92100AD2B84 /* Assets.xcassets in Resources */,
				4B1E44C02D70FFC400AD2B84 /* questions_en.json in Resources */,
				4B1E44C32D70FFD600AD2B84 /* questions_ru.json in Resources */,
				4B1E44BD2D70FFA500AD2B84 /* Localizable.xcstrings in Resources */,
			);
			runOnlyForDeploymentPostprocessing = 0;
		};
		4B1E442D2D70F91100AD2B84 /* Resources */ = {
			isa = PBXResourcesBuildPhase;
			buildActionMask = 2147483647;
			files = (
				4B1E44C52D70FFD600AD2B84 /* questions_ru.json in Resources */,
				4B1E44BF2D70FFC400AD2B84 /* questions_en.json in Resources */,
				4B1E44BC2D70FFA500AD2B84 /* Localizable.xcstrings in Resources */,
			);
			runOnlyForDeploymentPostprocessing = 0;
		};
		4B1E44372D70F91100AD2B84 /* Resources */ = {
			isa = PBXResourcesBuildPhase;
			buildActionMask = 2147483647;
			files = (
				4B1E44C42D70FFD600AD2B84 /* questions_ru.json in Resources */,
				4B1E44C12D70FFC400AD2B84 /* questions_en.json in Resources */,
				4B1E44BB2D70FFA500AD2B84 /* Localizable.xcstrings in Resources */,
			);
			runOnlyForDeploymentPostprocessing = 0;
		};
/* End PBXResourcesBuildPhase section */

/* Begin PBXSourcesBuildPhase section */
		4B1E44162D70F91000AD2B84 /* Sources */ = {
			isa = PBXSourcesBuildPhase;
			buildActionMask = 2147483647;
			files = (
				4B89C92D2D7A14DA00FB07C6 /* QuestionsListView.swift in Sources */,
				4B89C9322D7DF31000FB07C6 /* SelectRowView.swift in Sources */,
				4B89C9362D7DF54500FB07C6 /* FormRowLink.swift in Sources */,
				4B5FB6662D7F426A003FF080 /* ProgressItemView.swift in Sources */,
				4B1E44B42D70FF5D00AD2B84 /* LocalizationHelper.swift in Sources */,
				4B1E44782D70FCF400AD2B84 /* FavoritesViewModel.swift in Sources */,
				4B1E44872D70FE7900AD2B84 /* ExploreView.swift in Sources */,
				4B1E446D2D70FC2100AD2B84 /* Progress.swift in Sources */,
				4B1E446F2D70FC3000AD2B84 /* Favorite.swift in Sources */,
				4B1E448D2D70FE9300AD2B84 /* TestView.swift in Sources */,
				4B1E449E2D70FEE700AD2B84 /* SettingsView.swift in Sources */,
				4B5FB6802D84A3ED003FF080 /* ButtonGradients.swift in Sources */,
				4B5FB6732D84882C003FF080 /* TimeRemainingHolder.swift in Sources */,
				4B5FB6622D7F4134003FF080 /* MotionAnimationView.swift in Sources */,
				4B5FB67D2D84A2AC003FF080 /* AnswerCellButton.swift in Sources */,
				4B1E44A22D70FEF400AD2B84 /* LanguageSelectionView.swift in Sources */,
				4B1E44A62D70FF1100AD2B84 /* QuestionListItemView.swift in Sources */,
				4B5FB6702D81E256003FF080 /* CategoryCard.swift in Sources */,
				4B1E44DB2D71026500AD2B84 /* TestViewModelTests.swift in Sources */,
				4B5FB6772D849EF9003FF080 /* ProgressBarLine.swift in Sources */,
				4B1E44692D70FC0000AD2B84 /* Question.swift in Sources */,
				4B1E44E72D7102B000AD2B84 /* MainTabViewUITests.swift in Sources */,
				4B5FB65E2D7E159E003FF080 /* PrivacyAndPolicyView.swift in Sources */,
				4BC881DD2D89ED2100FCAC20 /* FavoritesQuestionsListView.swift in Sources */,
				4B1E44B12D70FF5000AD2B84 /* JSONLoader.swift in Sources */,
				4B1E44B72D70FF7600AD2B84 /* ColorExtension.swift in Sources */,
				4B1E44DE2D71027B00AD2B84 /* QuestionModelTests.swift in Sources */,
				4B1E44752D70FCE800AD2B84 /* TestViewModel.swift in Sources */,
				4B1E448A2D70FE8800AD2B84 /* ResultTestView.swift in Sources */,
				4B1E44952D70FEB600AD2B84 /* FavoritesView.swift in Sources */,
				4B89C9392D7DF5D900FB07C6 /* FormRowStaticView.swift in Sources */,
				4B1E44722D70FCDE00AD2B84 /* ExploreViewModel.swift in Sources */,
				4B1E44812D70FE5B00AD2B84 /* MainTabView.swift in Sources */,
				4B1E44562D70F92100AD2B84 /* Persistence.swift in Sources */,
				4B1E447B2D70FD0100AD2B84 /* ProgressViewModel.swift in Sources */,
				4B5FB6582D7E12FF003FF080 /* CopyrightSection.swift in Sources */,
				4B1E44E22D71029900AD2B84 /* HomeViewUITests.swift in Sources */,
				4B1E44912D70FE9E00AD2B84 /* StartTestView.swift in Sources */,
				4B5FB66D2D7F70E8003FF080 /* NavigationGestureFix.swift in Sources */,
				4B1E45642D77768000AD2B84 /* HeadingView.swift in Sources */,
				4B1E45612D7773B900AD2B84 /* QuestionDetailView.swift in Sources */,
				4B5FB6692D7F4DE3003FF080 /* AnsweredQuestionsListView.swift in Sources */,
				4B1E44572D70F92100AD2B84 /* SwiftUIPrepV2.xcdatamodeld in Sources */,
				4B1E44992D70FEC900AD2B84 /* ProgressTabView.swift in Sources */,
				4B1E44582D70F92100AD2B84 /* SwiftUIPrepV2App.swift in Sources */,
				4B1E44AD2D70FF3200AD2B84 /* ProgressBar.swift in Sources */,
				4BD482362D8B59A7004C4DA5 /* PickerWheelView.swift in Sources */,
				4B1E447F2D70FD0D00AD2B84 /* SettingsViewModel.swift in Sources */,
			);
			runOnlyForDeploymentPostprocessing = 0;
		};
		4B1E442B2D70F91100AD2B84 /* Sources */ = {
			isa = PBXSourcesBuildPhase;
			buildActionMask = 2147483647;
			files = (
				4B1E44762D70FCE800AD2B84 /* TestViewModel.swift in Sources */,
				4B1E44792D70FCF400AD2B84 /* FavoritesViewModel.swift in Sources */,
				4B5FB6782D849EF9003FF080 /* ProgressBarLine.swift in Sources */,
				4B1E446C2D70FC2100AD2B84 /* Progress.swift in Sources */,
				4B1E45652D77768000AD2B84 /* HeadingView.swift in Sources */,
				4B5FB67F2D84A3ED003FF080 /* ButtonGradients.swift in Sources */,
				4B1E44DF2D71027B00AD2B84 /* QuestionModelTests.swift in Sources */,
				4B5FB67C2D84A2AC003FF080 /* AnswerCellButton.swift in Sources */,
				4B5FB6612D7F4134003FF080 /* MotionAnimationView.swift in Sources */,
				4B1E44B82D70FF7600AD2B84 /* ColorExtension.swift in Sources */,
				4B89C9342D7DF54500FB07C6 /* FormRowLink.swift in Sources */,
				4B1E447C2D70FD0100AD2B84 /* ProgressViewModel.swift in Sources */,
				4B1E44702D70FC3000AD2B84 /* Favorite.swift in Sources */,
				4B1E449D2D70FEE700AD2B84 /* SettingsView.swift in Sources */,
				4B1E44DC2D71026500AD2B84 /* TestViewModelTests.swift in Sources */,
				4B1E44972D70FEB600AD2B84 /* FavoritesView.swift in Sources */,
				4B1E44852D70FE7900AD2B84 /* ExploreView.swift in Sources */,
				4B1E448F2D70FE9300AD2B84 /* TestView.swift in Sources */,
				4BD482372D8B59A7004C4DA5 /* PickerWheelView.swift in Sources */,
				4B1E44A12D70FEF400AD2B84 /* LanguageSelectionView.swift in Sources */,
				4B1E44932D70FE9E00AD2B84 /* StartTestView.swift in Sources */,
				4B5FB66C2D7F70E8003FF080 /* NavigationGestureFix.swift in Sources */,
				4B5FB6752D84882C003FF080 /* TimeRemainingHolder.swift in Sources */,
				4B1E44E82D7102B000AD2B84 /* MainTabViewUITests.swift in Sources */,
				4B1E455F2D7773B900AD2B84 /* QuestionDetailView.swift in Sources */,
				4B5FB6712D81E256003FF080 /* CategoryCard.swift in Sources */,
				4B1E44B22D70FF5000AD2B84 /* JSONLoader.swift in Sources */,
				4B1E44732D70FCDE00AD2B84 /* ExploreViewModel.swift in Sources */,
				4B1E44E32D71029900AD2B84 /* HomeViewUITests.swift in Sources */,
				4B89C93A2D7DF5D900FB07C6 /* FormRowStaticView.swift in Sources */,
				4B5FB65A2D7E12FF003FF080 /* CopyrightSection.swift in Sources */,
				4B89C92E2D7A14DA00FB07C6 /* QuestionsListView.swift in Sources */,
				4B1E44AF2D70FF3200AD2B84 /* ProgressBar.swift in Sources */,
				4BC881DC2D89ED2100FCAC20 /* FavoritesQuestionsListView.swift in Sources */,
				4B89C9312D7DF31000FB07C6 /* SelectRowView.swift in Sources */,
				4B1E446A2D70FC0000AD2B84 /* Question.swift in Sources */,
				4B1E448B2D70FE8800AD2B84 /* ResultTestView.swift in Sources */,
				4B1E44A72D70FF1100AD2B84 /* QuestionListItemView.swift in Sources */,
				4B5FB6642D7F426A003FF080 /* ProgressItemView.swift in Sources */,
				4B1E449B2D70FEC900AD2B84 /* ProgressTabView.swift in Sources */,
				4B5FB65C2D7E159E003FF080 /* PrivacyAndPolicyView.swift in Sources */,
				4B1E447E2D70FD0D00AD2B84 /* SettingsViewModel.swift in Sources */,
				4B1E44B52D70FF5D00AD2B84 /* LocalizationHelper.swift in Sources */,
				4B5FB6682D7F4DE3003FF080 /* AnsweredQuestionsListView.swift in Sources */,
				4B1E44822D70FE5B00AD2B84 /* MainTabView.swift in Sources */,
			);
			runOnlyForDeploymentPostprocessing = 0;
		};
		4B1E44352D70F91100AD2B84 /* Sources */ = {
			isa = PBXSourcesBuildPhase;
			buildActionMask = 2147483647;
			files = (
				4B5FB6742D84882C003FF080 /* TimeRemainingHolder.swift in Sources */,
				4B5FB6792D849EF9003FF080 /* ProgressBarLine.swift in Sources */,
				4B5FB65D2D7E159E003FF080 /* PrivacyAndPolicyView.swift in Sources */,
				4B5FB6602D7F4134003FF080 /* MotionAnimationView.swift in Sources */,
				4B5FB67B2D84A2AC003FF080 /* AnswerCellButton.swift in Sources */,
				4B5FB6652D7F426A003FF080 /* ProgressItemView.swift in Sources */,
				4B89C92C2D7A14DA00FB07C6 /* QuestionsListView.swift in Sources */,
				4B89C9302D7DF31000FB07C6 /* SelectRowView.swift in Sources */,
				4B1E44922D70FE9E00AD2B84 /* StartTestView.swift in Sources */,
				4B5FB6592D7E12FF003FF080 /* CopyrightSection.swift in Sources */,
				4B89C9352D7DF54500FB07C6 /* FormRowLink.swift in Sources */,
				4B1E44892D70FE8800AD2B84 /* ResultTestView.swift in Sources */,
				4B1E44A52D70FF1100AD2B84 /* QuestionListItemView.swift in Sources */,
				4B1E448E2D70FE9300AD2B84 /* TestView.swift in Sources */,
				4B1E45632D77768000AD2B84 /* HeadingView.swift in Sources */,
				4B5FB66A2D7F4DE3003FF080 /* AnsweredQuestionsListView.swift in Sources */,
				4B1E44AE2D70FF3200AD2B84 /* ProgressBar.swift in Sources */,
				4B89C9382D7DF5D900FB07C6 /* FormRowStaticView.swift in Sources */,
				4B1E44962D70FEB600AD2B84 /* FavoritesView.swift in Sources */,
				4B1E44E62D7102B000AD2B84 /* MainTabViewUITests.swift in Sources */,
				4B1E449F2D70FEE700AD2B84 /* SettingsView.swift in Sources */,
				4BC881DB2D89ED2100FCAC20 /* FavoritesQuestionsListView.swift in Sources */,
				4BD482352D8B59A7004C4DA5 /* PickerWheelView.swift in Sources */,
				4B5FB6812D84A3ED003FF080 /* ButtonGradients.swift in Sources */,
				4B1E44B92D70FF7600AD2B84 /* ColorExtension.swift in Sources */,
				4B5FB66F2D81E256003FF080 /* CategoryCard.swift in Sources */,
				4B1E44862D70FE7900AD2B84 /* ExploreView.swift in Sources */,
				4B1E44832D70FE5B00AD2B84 /* MainTabView.swift in Sources */,
				4B1E44A32D70FEF400AD2B84 /* LanguageSelectionView.swift in Sources */,
				4B1E44E02D71027B00AD2B84 /* QuestionModelTests.swift in Sources */,
				4B1E449A2D70FEC900AD2B84 /* ProgressTabView.swift in Sources */,
				4B1E45602D7773B900AD2B84 /* QuestionDetailView.swift in Sources */,
				4B1E44DA2D71026500AD2B84 /* TestViewModelTests.swift in Sources */,
				4B1E44E42D71029900AD2B84 /* HomeViewUITests.swift in Sources */,
			);
			runOnlyForDeploymentPostprocessing = 0;
		};
/* End PBXSourcesBuildPhase section */

/* Begin PBXTargetDependency section */
		4B1E44312D70F91100AD2B84 /* PBXTargetDependency */ = {
			isa = PBXTargetDependency;
			target = 4B1E44192D70F91000AD2B84 /* SwiftUIPrepV2 */;
			targetProxy = 4B1E44302D70F91100AD2B84 /* PBXContainerItemProxy */;
		};
		4B1E443B2D70F91100AD2B84 /* PBXTargetDependency */ = {
			isa = PBXTargetDependency;
			target = 4B1E44192D70F91000AD2B84 /* SwiftUIPrepV2 */;
			targetProxy = 4B1E443A2D70F91100AD2B84 /* PBXContainerItemProxy */;
		};
/* End PBXTargetDependency section */

/* Begin XCBuildConfiguration section */
		4B1E44412D70F91100AD2B84 /* Debug */ = {
			isa = XCBuildConfiguration;
			buildSettings = {
				ALWAYS_SEARCH_USER_PATHS = NO;
				ASSETCATALOG_COMPILER_GENERATE_SWIFT_ASSET_SYMBOL_EXTENSIONS = YES;
				CLANG_ANALYZER_NONNULL = YES;
				CLANG_ANALYZER_NUMBER_OBJECT_CONVERSION = YES_AGGRESSIVE;
				CLANG_CXX_LANGUAGE_STANDARD = "gnu++20";
				CLANG_ENABLE_MODULES = YES;
				CLANG_ENABLE_OBJC_ARC = YES;
				CLANG_ENABLE_OBJC_WEAK = YES;
				CLANG_WARN_BLOCK_CAPTURE_AUTORELEASING = YES;
				CLANG_WARN_BOOL_CONVERSION = YES;
				CLANG_WARN_COMMA = YES;
				CLANG_WARN_CONSTANT_CONVERSION = YES;
				CLANG_WARN_DEPRECATED_OBJC_IMPLEMENTATIONS = YES;
				CLANG_WARN_DIRECT_OBJC_ISA_USAGE = YES_ERROR;
				CLANG_WARN_DOCUMENTATION_COMMENTS = YES;
				CLANG_WARN_EMPTY_BODY = YES;
				CLANG_WARN_ENUM_CONVERSION = YES;
				CLANG_WARN_INFINITE_RECURSION = YES;
				CLANG_WARN_INT_CONVERSION = YES;
				CLANG_WARN_NON_LITERAL_NULL_CONVERSION = YES;
				CLANG_WARN_OBJC_IMPLICIT_RETAIN_SELF = YES;
				CLANG_WARN_OBJC_LITERAL_CONVERSION = YES;
				CLANG_WARN_OBJC_ROOT_CLASS = YES_ERROR;
				CLANG_WARN_QUOTED_INCLUDE_IN_FRAMEWORK_HEADER = YES;
				CLANG_WARN_RANGE_LOOP_ANALYSIS = YES;
				CLANG_WARN_STRICT_PROTOTYPES = YES;
				CLANG_WARN_SUSPICIOUS_MOVE = YES;
				CLANG_WARN_UNGUARDED_AVAILABILITY = YES_AGGRESSIVE;
				CLANG_WARN_UNREACHABLE_CODE = YES;
				CLANG_WARN__DUPLICATE_METHOD_MATCH = YES;
				COPY_PHASE_STRIP = NO;
				DEBUG_INFORMATION_FORMAT = dwarf;
				ENABLE_STRICT_OBJC_MSGSEND = YES;
				ENABLE_TESTABILITY = YES;
				ENABLE_USER_SCRIPT_SANDBOXING = YES;
				GCC_C_LANGUAGE_STANDARD = gnu17;
				GCC_DYNAMIC_NO_PIC = NO;
				GCC_NO_COMMON_BLOCKS = YES;
				GCC_OPTIMIZATION_LEVEL = 0;
				GCC_PREPROCESSOR_DEFINITIONS = (
					"DEBUG=1",
					"$(inherited)",
				);
				GCC_WARN_64_TO_32_BIT_CONVERSION = YES;
				GCC_WARN_ABOUT_RETURN_TYPE = YES_ERROR;
				GCC_WARN_UNDECLARED_SELECTOR = YES;
				GCC_WARN_UNINITIALIZED_AUTOS = YES_AGGRESSIVE;
				GCC_WARN_UNUSED_FUNCTION = YES;
				GCC_WARN_UNUSED_VARIABLE = YES;
				IPHONEOS_DEPLOYMENT_TARGET = 18.2;
				LOCALIZATION_PREFERS_STRING_CATALOGS = YES;
				MTL_ENABLE_DEBUG_INFO = INCLUDE_SOURCE;
				MTL_FAST_MATH = YES;
				ONLY_ACTIVE_ARCH = YES;
				SDKROOT = iphoneos;
				SWIFT_ACTIVE_COMPILATION_CONDITIONS = "DEBUG $(inherited)";
				SWIFT_EMIT_LOC_STRINGS = YES;
				SWIFT_OPTIMIZATION_LEVEL = "-Onone";
			};
			name = Debug;
		};
		4B1E44422D70F91100AD2B84 /* Release */ = {
			isa = XCBuildConfiguration;
			buildSettings = {
				ALWAYS_SEARCH_USER_PATHS = NO;
				ASSETCATALOG_COMPILER_GENERATE_SWIFT_ASSET_SYMBOL_EXTENSIONS = YES;
				CLANG_ANALYZER_NONNULL = YES;
				CLANG_ANALYZER_NUMBER_OBJECT_CONVERSION = YES_AGGRESSIVE;
				CLANG_CXX_LANGUAGE_STANDARD = "gnu++20";
				CLANG_ENABLE_MODULES = YES;
				CLANG_ENABLE_OBJC_ARC = YES;
				CLANG_ENABLE_OBJC_WEAK = YES;
				CLANG_WARN_BLOCK_CAPTURE_AUTORELEASING = YES;
				CLANG_WARN_BOOL_CONVERSION = YES;
				CLANG_WARN_COMMA = YES;
				CLANG_WARN_CONSTANT_CONVERSION = YES;
				CLANG_WARN_DEPRECATED_OBJC_IMPLEMENTATIONS = YES;
				CLANG_WARN_DIRECT_OBJC_ISA_USAGE = YES_ERROR;
				CLANG_WARN_DOCUMENTATION_COMMENTS = YES;
				CLANG_WARN_EMPTY_BODY = YES;
				CLANG_WARN_ENUM_CONVERSION = YES;
				CLANG_WARN_INFINITE_RECURSION = YES;
				CLANG_WARN_INT_CONVERSION = YES;
				CLANG_WARN_NON_LITERAL_NULL_CONVERSION = YES;
				CLANG_WARN_OBJC_IMPLICIT_RETAIN_SELF = YES;
				CLANG_WARN_OBJC_LITERAL_CONVERSION = YES;
				CLANG_WARN_OBJC_ROOT_CLASS = YES_ERROR;
				CLANG_WARN_QUOTED_INCLUDE_IN_FRAMEWORK_HEADER = YES;
				CLANG_WARN_RANGE_LOOP_ANALYSIS = YES;
				CLANG_WARN_STRICT_PROTOTYPES = YES;
				CLANG_WARN_SUSPICIOUS_MOVE = YES;
				CLANG_WARN_UNGUARDED_AVAILABILITY = YES_AGGRESSIVE;
				CLANG_WARN_UNREACHABLE_CODE = YES;
				CLANG_WARN__DUPLICATE_METHOD_MATCH = YES;
				COPY_PHASE_STRIP = NO;
				DEBUG_INFORMATION_FORMAT = "dwarf-with-dsym";
				ENABLE_NS_ASSERTIONS = NO;
				ENABLE_STRICT_OBJC_MSGSEND = YES;
				ENABLE_USER_SCRIPT_SANDBOXING = YES;
				GCC_C_LANGUAGE_STANDARD = gnu17;
				GCC_NO_COMMON_BLOCKS = YES;
				GCC_WARN_64_TO_32_BIT_CONVERSION = YES;
				GCC_WARN_ABOUT_RETURN_TYPE = YES_ERROR;
				GCC_WARN_UNDECLARED_SELECTOR = YES;
				GCC_WARN_UNINITIALIZED_AUTOS = YES_AGGRESSIVE;
				GCC_WARN_UNUSED_FUNCTION = YES;
				GCC_WARN_UNUSED_VARIABLE = YES;
				IPHONEOS_DEPLOYMENT_TARGET = 18.2;
				LOCALIZATION_PREFERS_STRING_CATALOGS = YES;
				MTL_ENABLE_DEBUG_INFO = NO;
				MTL_FAST_MATH = YES;
				SDKROOT = iphoneos;
				SWIFT_COMPILATION_MODE = wholemodule;
				SWIFT_EMIT_LOC_STRINGS = YES;
				VALIDATE_PRODUCT = YES;
			};
			name = Release;
		};
		4B1E44442D70F91100AD2B84 /* Debug */ = {
			isa = XCBuildConfiguration;
			buildSettings = {
				ASSETCATALOG_COMPILER_APPICON_NAME = AppIcon;
				ASSETCATALOG_COMPILER_GLOBAL_ACCENT_COLOR_NAME = AccentColor;
				CODE_SIGN_STYLE = Automatic;
				CURRENT_PROJECT_VERSION = 1;
				DEVELOPMENT_ASSET_PATHS = "\"SwiftUIPrepV2/Preview Content\"";
				DEVELOPMENT_TEAM = QT3T249ZHN;
				ENABLE_PREVIEWS = YES;
				GENERATE_INFOPLIST_FILE = YES;
				INFOPLIST_KEY_UIApplicationSceneManifest_Generation = YES;
				INFOPLIST_KEY_UIApplicationSupportsIndirectInputEvents = YES;
				INFOPLIST_KEY_UILaunchScreen_Generation = YES;
				INFOPLIST_KEY_UILaunchStoryboardName = "Launch Screen.storyboard";
				INFOPLIST_KEY_UISupportedInterfaceOrientations = "UIInterfaceOrientationLandscapeLeft UIInterfaceOrientationLandscapeRight UIInterfaceOrientationPortrait UIInterfaceOrientationPortraitUpsideDown";
				LD_RUNPATH_SEARCH_PATHS = (
					"$(inherited)",
					"@executable_path/Frameworks",
				);
				MARKETING_VERSION = 1.0;
				PRODUCT_BUNDLE_IDENTIFIER = com.volosllc.SwiftUIPrep.v2.SwiftUIPrepV2;
				PRODUCT_NAME = "$(TARGET_NAME)";
				SUPPORTED_PLATFORMS = "iphoneos iphonesimulator";
				SUPPORTS_MACCATALYST = NO;
				SUPPORTS_XR_DESIGNED_FOR_IPHONE_IPAD = NO;
				SWIFT_EMIT_LOC_STRINGS = YES;
				SWIFT_VERSION = 5.0;
				TARGETED_DEVICE_FAMILY = "1,2";
			};
			name = Debug;
		};
		4B1E44452D70F91100AD2B84 /* Release */ = {
			isa = XCBuildConfiguration;
			buildSettings = {
				ASSETCATALOG_COMPILER_APPICON_NAME = AppIcon;
				ASSETCATALOG_COMPILER_GLOBAL_ACCENT_COLOR_NAME = AccentColor;
				CODE_SIGN_STYLE = Automatic;
				CURRENT_PROJECT_VERSION = 1;
				DEVELOPMENT_ASSET_PATHS = "\"SwiftUIPrepV2/Preview Content\"";
				DEVELOPMENT_TEAM = QT3T249ZHN;
				ENABLE_PREVIEWS = YES;
				GENERATE_INFOPLIST_FILE = YES;
				INFOPLIST_KEY_UIApplicationSceneManifest_Generation = YES;
				INFOPLIST_KEY_UIApplicationSupportsIndirectInputEvents = YES;
				INFOPLIST_KEY_UILaunchScreen_Generation = YES;
				INFOPLIST_KEY_UILaunchStoryboardName = "Launch Screen.storyboard";
				INFOPLIST_KEY_UISupportedInterfaceOrientations = "UIInterfaceOrientationLandscapeLeft UIInterfaceOrientationLandscapeRight UIInterfaceOrientationPortrait UIInterfaceOrientationPortraitUpsideDown";
				LD_RUNPATH_SEARCH_PATHS = (
					"$(inherited)",
					"@executable_path/Frameworks",
				);
				MARKETING_VERSION = 1.0;
				PRODUCT_BUNDLE_IDENTIFIER = com.volosllc.SwiftUIPrep.v2.SwiftUIPrepV2;
				PRODUCT_NAME = "$(TARGET_NAME)";
				SUPPORTED_PLATFORMS = "iphoneos iphonesimulator";
				SUPPORTS_MACCATALYST = NO;
				SUPPORTS_XR_DESIGNED_FOR_IPHONE_IPAD = NO;
				SWIFT_EMIT_LOC_STRINGS = YES;
				SWIFT_VERSION = 5.0;
				TARGETED_DEVICE_FAMILY = "1,2";
			};
			name = Release;
		};
		4B1E44472D70F91100AD2B84 /* Debug */ = {
			isa = XCBuildConfiguration;
			buildSettings = {
				BUNDLE_LOADER = "$(TEST_HOST)";
				CODE_SIGN_STYLE = Automatic;
				CURRENT_PROJECT_VERSION = 1;
				DEVELOPMENT_TEAM = QT3T249ZHN;
				GENERATE_INFOPLIST_FILE = YES;
				IPHONEOS_DEPLOYMENT_TARGET = 18.2;
				MARKETING_VERSION = 1.0;
				PRODUCT_BUNDLE_IDENTIFIER = com.volosllc.SwiftUIPrep.v2.SwiftUIPrepV2Tests;
				PRODUCT_NAME = "$(TARGET_NAME)";
				SWIFT_EMIT_LOC_STRINGS = NO;
				SWIFT_VERSION = 5.0;
				TARGETED_DEVICE_FAMILY = "1,2";
				TEST_HOST = "$(BUILT_PRODUCTS_DIR)/SwiftUIPrepV2.app/$(BUNDLE_EXECUTABLE_FOLDER_PATH)/SwiftUIPrepV2";
			};
			name = Debug;
		};
		4B1E44482D70F91100AD2B84 /* Release */ = {
			isa = XCBuildConfiguration;
			buildSettings = {
				BUNDLE_LOADER = "$(TEST_HOST)";
				CODE_SIGN_STYLE = Automatic;
				CURRENT_PROJECT_VERSION = 1;
				DEVELOPMENT_TEAM = QT3T249ZHN;
				GENERATE_INFOPLIST_FILE = YES;
				IPHONEOS_DEPLOYMENT_TARGET = 18.2;
				MARKETING_VERSION = 1.0;
				PRODUCT_BUNDLE_IDENTIFIER = com.volosllc.SwiftUIPrep.v2.SwiftUIPrepV2Tests;
				PRODUCT_NAME = "$(TARGET_NAME)";
				SWIFT_EMIT_LOC_STRINGS = NO;
				SWIFT_VERSION = 5.0;
				TARGETED_DEVICE_FAMILY = "1,2";
				TEST_HOST = "$(BUILT_PRODUCTS_DIR)/SwiftUIPrepV2.app/$(BUNDLE_EXECUTABLE_FOLDER_PATH)/SwiftUIPrepV2";
			};
			name = Release;
		};
		4B1E444A2D70F91100AD2B84 /* Debug */ = {
			isa = XCBuildConfiguration;
			buildSettings = {
				CODE_SIGN_STYLE = Automatic;
				CURRENT_PROJECT_VERSION = 1;
				DEVELOPMENT_TEAM = QT3T249ZHN;
				GENERATE_INFOPLIST_FILE = YES;
				MARKETING_VERSION = 1.0;
				PRODUCT_BUNDLE_IDENTIFIER = com.volosllc.SwiftUIPrep.v2.SwiftUIPrepV2UITests;
				PRODUCT_NAME = "$(TARGET_NAME)";
				SWIFT_EMIT_LOC_STRINGS = NO;
				SWIFT_VERSION = 5.0;
				TARGETED_DEVICE_FAMILY = "1,2";
				TEST_TARGET_NAME = SwiftUIPrepV2;
			};
			name = Debug;
		};
		4B1E444B2D70F91100AD2B84 /* Release */ = {
			isa = XCBuildConfiguration;
			buildSettings = {
				CODE_SIGN_STYLE = Automatic;
				CURRENT_PROJECT_VERSION = 1;
				DEVELOPMENT_TEAM = QT3T249ZHN;
				GENERATE_INFOPLIST_FILE = YES;
				MARKETING_VERSION = 1.0;
				PRODUCT_BUNDLE_IDENTIFIER = com.volosllc.SwiftUIPrep.v2.SwiftUIPrepV2UITests;
				PRODUCT_NAME = "$(TARGET_NAME)";
				SWIFT_EMIT_LOC_STRINGS = NO;
				SWIFT_VERSION = 5.0;
				TARGETED_DEVICE_FAMILY = "1,2";
				TEST_TARGET_NAME = SwiftUIPrepV2;
			};
			name = Release;
		};
/* End XCBuildConfiguration section */

/* Begin XCConfigurationList section */
		4B1E44152D70F91000AD2B84 /* Build configuration list for PBXProject "SwiftUIPrepV2" */ = {
			isa = XCConfigurationList;
			buildConfigurations = (
				4B1E44412D70F91100AD2B84 /* Debug */,
				4B1E44422D70F91100AD2B84 /* Release */,
			);
			defaultConfigurationIsVisible = 0;
			defaultConfigurationName = Release;
		};
		4B1E44432D70F91100AD2B84 /* Build configuration list for PBXNativeTarget "SwiftUIPrepV2" */ = {
			isa = XCConfigurationList;
			buildConfigurations = (
				4B1E44442D70F91100AD2B84 /* Debug */,
				4B1E44452D70F91100AD2B84 /* Release */,
			);
			defaultConfigurationIsVisible = 0;
			defaultConfigurationName = Release;
		};
		4B1E44462D70F91100AD2B84 /* Build configuration list for PBXNativeTarget "SwiftUIPrepV2Tests" */ = {
			isa = XCConfigurationList;
			buildConfigurations = (
				4B1E44472D70F91100AD2B84 /* Debug */,
				4B1E44482D70F91100AD2B84 /* Release */,
			);
			defaultConfigurationIsVisible = 0;
			defaultConfigurationName = Release;
		};
		4B1E44492D70F91100AD2B84 /* Build configuration list for PBXNativeTarget "SwiftUIPrepV2UITests" */ = {
			isa = XCConfigurationList;
			buildConfigurations = (
				4B1E444A2D70F91100AD2B84 /* Debug */,
				4B1E444B2D70F91100AD2B84 /* Release */,
			);
			defaultConfigurationIsVisible = 0;
			defaultConfigurationName = Release;
		};
/* End XCConfigurationList section */

/* Begin XCVersionGroup section */
		4B1E44512D70F92100AD2B84 /* SwiftUIPrepV2.xcdatamodeld */ = {
			isa = XCVersionGroup;
			children = (
				4B1E44542D70F92100AD2B84 /* SwiftUIPrepV2.xcdatamodel */,
			);
			currentVersion = 4B1E44542D70F92100AD2B84 /* SwiftUIPrepV2.xcdatamodel */;
			path = SwiftUIPrepV2.xcdatamodeld;
			sourceTree = "<group>";
			versionGroupType = wrapper.xcdatamodel;
		};
/* End XCVersionGroup section */
	};
	rootObject = 4B1E44122D70F91000AD2B84 /* Project object */;
}
